{
  "object": {
    "pins": [
      {
        "package": "PayUIndia-PayUParams",
        "repositoryURL": "https://github.com/payu-intrepos/payu-params-iOS",
        "state": {
          "branch": null,
          "revision": "c12c627ab7bb33fad844aa36ad57e4183c881caa",
          "version": "4.5.0"
        }
      },
      {
        "package": "PayUIndia-Analytics",
        "repositoryURL": "https://github.com/payu-intrepos/PayUAnalytics-iOS",
        "state": {
          "branch": null,
          "revision": "c89dd006e97392919aaf3cd7393fde753e4f8ec6",
          "version": "3.0.0"
        }
      },
      {
        "package": "PayUIndia-CommonUI",
        "repositoryURL": "https://github.com/payu-intrepos/PayUCommonUI-iOS",
        "state": {
          "branch": null,
          "revision": "2f9d9dccbb2f1d9838a3ee7a2a2ccaf7e0325fac",
          "version": "1.0.0"
        }
      },
      {
        "package": "PayUIndia-CrashReporter",
        "repositoryURL": "https://github.com/payu-intrepos/PayUCrashReporter-iOS",
        "state": {
          "branch": null,
          "revision": "3bfc702a711b2f60adb3c99e65134032e92f3e16",
          "version": "2.1.0"
        }
      },
      {
        "package": "PayUIndia-NetworkReachability",
        "repositoryURL": "https://github.com/payu-intrepos/PayUNetworkReachability-iOS",
        "state": {
          "branch": null,
          "revision": "c477d6c84e609c24193e4fb76cadc40935d1838b",
          "version": "2.0.1"
        }
      }
    ]
  },
  "version": 1
}
